
Microsoft Visual Studio Solution File, Format Version 12.00
# Visual Studio Version 17
VisualStudioVersion = 17.4.33110.190
MinimumVisualStudioVersion = 10.0.40219.1
Project("{FAE04EC0-301F-11D3-BF4B-00C04F79EFBC}") = "Individualwork_Clinic2_KazanovAlexandr", "Individualwork_Clinic2_KazanovAlexandr.csproj", "{5D5E5D11-C0BB-4DE5-8C45-C8A0496747DA}"
EndProject
Global
	GlobalSection(SolutionConfigurationPlatforms) = preSolution
		Debug|Any CPU = Debug|Any CPU
		Release|Any CPU = Release|Any CPU
	EndGlobalSection
	GlobalSection(ProjectConfigurationPlatforms) = postSolution
		{5D5E5D11-C0BB-4DE5-8C45-C8A0496747DA}.Debug|Any CPU.ActiveCfg = Debug|Any CPU
		{5D5E5D11-C0BB-4DE5-8C45-C8A0496747DA}.Debug|Any CPU.Build.0 = Debug|Any CPU
		{5D5E5D11-C0BB-4DE5-8C45-C8A0496747DA}.Release|Any CPU.ActiveCfg = Release|Any CPU
		{5D5E5D11-C0BB-4DE5-8C45-C8A0496747DA}.Release|Any CPU.Build.0 = Release|Any CPU
	EndGlobalSection
	GlobalSection(SolutionProperties) = preSolution
		HideSolutionNode = FALSE
	EndGlobalSection
	GlobalSection(ExtensibilityGlobals) = postSolution
		SolutionGuid = {C741E7D5-18A2-4F6F-960B-33B0ADD571EA}
	EndGlobalSection
EndGlobal
